<?xml version="1.0" encoding="utf-8"?>
<Project ToolsVersion="4.0" xmlns="http://schemas.microsoft.com/developer/msbuild/2003">
  <ItemGroup>
    <ClInclude Include="Framework.h" />
    <ClInclude Include="Systems\Window.h">
      <Filter>Systems</Filter>
    </ClInclude>
    <ClInclude Include="Systems\IExecute.h">
      <Filter>Systems</Filter>
    </ClInclude>
    <ClInclude Include="Systems\D3D.h">
      <Filter>Systems</Filter>
    </ClInclude>
    <ClInclude Include="Systems\DirectWrite.h">
      <Filter>Systems</Filter>
    </ClInclude>
    <ClInclude Include="Systems\Mouse.h">
      <Filter>Systems</Filter>
    </ClInclude>
    <ClInclude Include="Systems\Keyboard.h">
      <Filter>Systems</Filter>
    </ClInclude>
    <ClInclude Include="Systems\Time.h">
      <Filter>Systems</Filter>
    </ClInclude>
    <ClInclude Include="Renders\Shader.h">
      <Filter>Renders</Filter>
    </ClInclude>
    <ClInclude Include="Renders\Context.h">
      <Filter>Renders</Filter>
    </ClInclude>
    <ClInclude Include="Utilities\String.h">
      <Filter>Utilities</Filter>
    </ClInclude>
    <ClInclude Include="Utilities\Xml.h">
      <Filter>Utilities</Filter>
    </ClInclude>
    <ClInclude Include="Utilities\Math.h">
      <Filter>Utilities</Filter>
    </ClInclude>
    <ClInclude Include="Utilities\BinaryFile.h">
      <Filter>Utilities</Filter>
    </ClInclude>
    <ClInclude Include="Utilities\Path.h">
      <Filter>Utilities</Filter>
    </ClInclude>
    <ClInclude Include="Renders\VertexLayouts.h">
      <Filter>Renders</Filter>
    </ClInclude>
    <ClInclude Include="Renders\CBuffer.h">
      <Filter>Renders</Filter>
    </ClInclude>
    <ClInclude Include="Viewer\Camera.h">
      <Filter>Viewer</Filter>
    </ClInclude>
    <ClInclude Include="Viewer\Fixity.h">
      <Filter>Viewer</Filter>
    </ClInclude>
    <ClInclude Include="Viewer\Freedom.h">
      <Filter>Viewer</Filter>
    </ClInclude>
    <ClInclude Include="Viewer\Perspective.h">
      <Filter>Viewer</Filter>
    </ClInclude>
    <ClInclude Include="Viewer\Viewport.h">
      <Filter>Viewer</Filter>
    </ClInclude>
    <ClInclude Include="Draw\ILine.h">
      <Filter>Draw</Filter>
    </ClInclude>
    <ClInclude Include="Viewer\DepthStencilView.h">
      <Filter>Viewer</Filter>
    </ClInclude>
    <ClInclude Include="Viewer\RenderTargetView.h">
      <Filter>Viewer</Filter>
    </ClInclude>
    <ClInclude Include="Viewer\Frustum.h">
      <Filter>Viewer</Filter>
    </ClInclude>
    <ClInclude Include="Draw\DebugLine.h">
      <Filter>Draw</Filter>
    </ClInclude>
    <ClInclude Include="Renders\Material.h">
      <Filter>Renders</Filter>
    </ClInclude>
    <ClInclude Include="Renders\Texture.h">
      <Filter>Renders</Filter>
    </ClInclude>
    <ClInclude Include="Draw\Mesh.h">
      <Filter>Draw</Filter>
    </ClInclude>
    <ClInclude Include="Draw\MeshSphere.h">
      <Filter>Draw</Filter>
    </ClInclude>
    <ClInclude Include="Draw\MeshQuad.h">
      <Filter>Draw</Filter>
    </ClInclude>
    <ClInclude Include="Draw\MeshHemiSphere.h">
      <Filter>Draw</Filter>
    </ClInclude>
    <ClInclude Include="Renders\Render2D.h">
      <Filter>Renders</Filter>
    </ClInclude>
    <ClInclude Include="Environment\Water.h">
      <Filter>Environment</Filter>
    </ClInclude>
    <ClInclude Include="Environment\Terrain.h">
      <Filter>Environment</Filter>
    </ClInclude>
    <ClInclude Include="Environment\Sky.h">
      <Filter>Environment</Filter>
    </ClInclude>
    <ClInclude Include="Environment\QuadTree.h">
      <Filter>Environment</Filter>
    </ClInclude>
    <ClInclude Include="Environment\Billboard.h">
      <Filter>Environment</Filter>
    </ClInclude>
    <ClInclude Include="Environment\TestBillboard.h">
      <Filter>Environment</Filter>
    </ClInclude>
    <ClInclude Include="Pattern\Command.h">
      <Filter>Pattern</Filter>
    </ClInclude>
    <ClInclude Include="Pattern\BillboardInvoker.h">
      <Filter>Pattern</Filter>
    </ClInclude>
    <ClInclude Include="Pattern\BillboardCommand.h">
      <Filter>Pattern</Filter>
    </ClInclude>
    <ClInclude Include="TessTerrain\TessHeightMap.h">
      <Filter>TessTerrain</Filter>
    </ClInclude>
    <ClInclude Include="TessTerrain\TessTerrain.h">
      <Filter>TessTerrain</Filter>
    </ClInclude>
    <ClInclude Include="TessTerrain\TerrainRender.h">
      <Filter>TessTerrain</Filter>
    </ClInclude>
    <ClInclude Include="Draw\MeshCube.h">
      <Filter>Draw</Filter>
    </ClInclude>
    <ClInclude Include="Model\ModelBone.h">
      <Filter>Model</Filter>
    </ClInclude>
    <ClInclude Include="Model\ModelClip.h">
      <Filter>Model</Filter>
    </ClInclude>
    <ClInclude Include="Model\ModelKeyframe.h">
      <Filter>Model</Filter>
    </ClInclude>
    <ClInclude Include="Model\ModelMesh.h">
      <Filter>Model</Filter>
    </ClInclude>
    <ClInclude Include="Model\ModelMeshPart.h">
      <Filter>Model</Filter>
    </ClInclude>
    <ClInclude Include="Model\ModelTweener.h">
      <Filter>Model</Filter>
    </ClInclude>
    <ClInclude Include="Model\Model.h">
      <Filter>Model</Filter>
    </ClInclude>
    <ClInclude Include="Objects\GameModel.h">
      <Filter>Objects</Filter>
    </ClInclude>
    <ClInclude Include="Objects\GameRender.h">
      <Filter>Objects</Filter>
    </ClInclude>
    <ClInclude Include="Test\TestModel.h">
      <Filter>Test</Filter>
    </ClInclude>
    <ClInclude Include="Interfaces\ICloneable.h">
      <Filter>Interfaces</Filter>
    </ClInclude>
    <ClInclude Include="Boundings\BSphere.h">
      <Filter>Boundings</Filter>
    </ClInclude>
    <ClInclude Include="Boundings\Ray.h">
      <Filter>Boundings</Filter>
    </ClInclude>
    <ClInclude Include="Boundings\BBox.h">
      <Filter>Boundings</Filter>
    </ClInclude>
    <ClInclude Include="Test\Test.h">
      <Filter>Test</Filter>
    </ClInclude>
    <ClInclude Include="Environment\Billboard_Ins.h">
      <Filter>Environment</Filter>
    </ClInclude>
  </ItemGroup>
  <ItemGroup>
    <Filter Include="Renders">
      <UniqueIdentifier>{bfa2f7f8-c78c-465e-af90-553707a9d932}</UniqueIdentifier>
    </Filter>
    <Filter Include="Systems">
      <UniqueIdentifier>{67b9e769-6f35-4475-a0dc-fd7394bd733f}</UniqueIdentifier>
    </Filter>
    <Filter Include="Utilities">
      <UniqueIdentifier>{8271f07b-9c03-4087-a6e1-8c304b1d6d0c}</UniqueIdentifier>
    </Filter>
    <Filter Include="Viewer">
      <UniqueIdentifier>{0516f234-dac2-4301-9cb9-06ba4bde741e}</UniqueIdentifier>
    </Filter>
    <Filter Include="Draw">
      <UniqueIdentifier>{85fbbc2a-d083-4307-b536-4fc734b2df83}</UniqueIdentifier>
    </Filter>
    <Filter Include="Boundings">
      <UniqueIdentifier>{eaa93da8-68e9-481b-953e-7188bcc3b90c}</UniqueIdentifier>
    </Filter>
    <Filter Include="Environment">
      <UniqueIdentifier>{03468b57-2f77-4b8c-933e-5f3811cdbeb6}</UniqueIdentifier>
    </Filter>
    <Filter Include="Test">
      <UniqueIdentifier>{207ac67b-d52a-47a8-a2de-4b252a8562e2}</UniqueIdentifier>
    </Filter>
    <Filter Include="Pattern">
      <UniqueIdentifier>{16bf506d-77d7-46aa-87d8-0ec60f69838b}</UniqueIdentifier>
    </Filter>
    <Filter Include="TessTerrain">
      <UniqueIdentifier>{c2d54a73-929e-4a57-8b32-e341f8ecc264}</UniqueIdentifier>
    </Filter>
    <Filter Include="Model">
      <UniqueIdentifier>{372dfeb6-3b44-4f91-bce4-f4750c393e01}</UniqueIdentifier>
    </Filter>
    <Filter Include="Objects">
      <UniqueIdentifier>{62c04acb-f301-4c03-a985-4146016171dd}</UniqueIdentifier>
    </Filter>
    <Filter Include="Interfaces">
      <UniqueIdentifier>{08d0f49b-3b33-4ed3-a781-840313556726}</UniqueIdentifier>
    </Filter>
  </ItemGroup>
  <ItemGroup>
    <ClCompile Include="Systems\Window.cpp">
      <Filter>Systems</Filter>
    </ClCompile>
    <ClCompile Include="Systems\D3D.cpp">
      <Filter>Systems</Filter>
    </ClCompile>
    <ClCompile Include="Systems\DirectWrite.cpp">
      <Filter>Systems</Filter>
    </ClCompile>
    <ClCompile Include="Systems\Mouse.cpp">
      <Filter>Systems</Filter>
    </ClCompile>
    <ClCompile Include="Systems\Keyboard.cpp">
      <Filter>Systems</Filter>
    </ClCompile>
    <ClCompile Include="Systems\Time.cpp">
      <Filter>Systems</Filter>
    </ClCompile>
    <ClCompile Include="Renders\Shader.cpp">
      <Filter>Renders</Filter>
    </ClCompile>
    <ClCompile Include="Renders\Context.cpp">
      <Filter>Renders</Filter>
    </ClCompile>
    <ClCompile Include="Utilities\String.cpp">
      <Filter>Utilities</Filter>
    </ClCompile>
    <ClCompile Include="Utilities\Xml.cpp">
      <Filter>Utilities</Filter>
    </ClCompile>
    <ClCompile Include="Utilities\Math.cpp">
      <Filter>Utilities</Filter>
    </ClCompile>
    <ClCompile Include="Utilities\BinaryFile.cpp">
      <Filter>Utilities</Filter>
    </ClCompile>
    <ClCompile Include="Utilities\Path.cpp">
      <Filter>Utilities</Filter>
    </ClCompile>
    <ClCompile Include="Renders\Cbuffer.cpp">
      <Filter>Renders</Filter>
    </ClCompile>
    <ClCompile Include="Viewer\Camera.cpp">
      <Filter>Viewer</Filter>
    </ClCompile>
    <ClCompile Include="Viewer\Freedom.cpp">
      <Filter>Viewer</Filter>
    </ClCompile>
    <ClCompile Include="Viewer\Perspective.cpp">
      <Filter>Viewer</Filter>
    </ClCompile>
    <ClCompile Include="Viewer\Viewport.cpp">
      <Filter>Viewer</Filter>
    </ClCompile>
    <ClCompile Include="Viewer\DepthStencilView.cpp">
      <Filter>Viewer</Filter>
    </ClCompile>
    <ClCompile Include="Viewer\RenderTargetView.cpp">
      <Filter>Viewer</Filter>
    </ClCompile>
    <ClCompile Include="Viewer\Frustum.cpp">
      <Filter>Viewer</Filter>
    </ClCompile>
    <ClCompile Include="Draw\DebugLine.cpp">
      <Filter>Draw</Filter>
    </ClCompile>
    <ClCompile Include="Renders\Material.cpp">
      <Filter>Renders</Filter>
    </ClCompile>
    <ClCompile Include="Renders\Texture.cpp">
      <Filter>Renders</Filter>
    </ClCompile>
    <ClCompile Include="Draw\Mesh.cpp">
      <Filter>Draw</Filter>
    </ClCompile>
    <ClCompile Include="Draw\MeshSphere.cpp">
      <Filter>Draw</Filter>
    </ClCompile>
    <ClCompile Include="Viewer\Fixity.cpp">
      <Filter>Viewer</Filter>
    </ClCompile>
    <ClCompile Include="Draw\MeshQuad.cpp">
      <Filter>Draw</Filter>
    </ClCompile>
    <ClCompile Include="Draw\MeshHemiSphere.cpp">
      <Filter>Draw</Filter>
    </ClCompile>
    <ClCompile Include="Renders\Render2D.cpp">
      <Filter>Renders</Filter>
    </ClCompile>
    <ClCompile Include="Environment\Water.cpp">
      <Filter>Environment</Filter>
    </ClCompile>
    <ClCompile Include="Environment\Terrain.cpp">
      <Filter>Environment</Filter>
    </ClCompile>
    <ClCompile Include="Environment\Sky.cpp">
      <Filter>Environment</Filter>
    </ClCompile>
    <ClCompile Include="Environment\QuadTree.cpp">
      <Filter>Environment</Filter>
    </ClCompile>
    <ClCompile Include="Environment\Billboard.cpp">
      <Filter>Environment</Filter>
    </ClCompile>
    <ClCompile Include="Environment\TestBillboard.cpp">
      <Filter>Environment</Filter>
    </ClCompile>
    <ClCompile Include="TessTerrain\TessTerrain.cpp">
      <Filter>TessTerrain</Filter>
    </ClCompile>
    <ClCompile Include="TessTerrain\TerrainRender.cpp">
      <Filter>TessTerrain</Filter>
    </ClCompile>
    <ClCompile Include="TessTerrain\TessHeightMap.cpp">
      <Filter>TessTerrain</Filter>
    </ClCompile>
    <ClCompile Include="Draw\MeshCube.cpp">
      <Filter>Draw</Filter>
    </ClCompile>
    <ClCompile Include="Model\ModelBone.cpp">
      <Filter>Model</Filter>
    </ClCompile>
    <ClCompile Include="Model\ModelClip.cpp">
      <Filter>Model</Filter>
    </ClCompile>
    <ClCompile Include="Model\ModelKeyframe.cpp">
      <Filter>Model</Filter>
    </ClCompile>
    <ClCompile Include="Model\ModelMesh.cpp">
      <Filter>Model</Filter>
    </ClCompile>
    <ClCompile Include="Model\ModelMeshPart.cpp">
      <Filter>Model</Filter>
    </ClCompile>
    <ClCompile Include="Model\ModelReader.cpp">
      <Filter>Model</Filter>
    </ClCompile>
    <ClCompile Include="Model\ModelTweener.cpp">
      <Filter>Model</Filter>
    </ClCompile>
    <ClCompile Include="Model\Model.cpp">
      <Filter>Model</Filter>
    </ClCompile>
    <ClCompile Include="Objects\GameModel.cpp">
      <Filter>Objects</Filter>
    </ClCompile>
    <ClCompile Include="Objects\GameRender.cpp">
      <Filter>Objects</Filter>
    </ClCompile>
    <ClCompile Include="Test\TestModel.cpp">
      <Filter>Test</Filter>
    </ClCompile>
    <ClCompile Include="Test\Test.cpp">
      <Filter>Test</Filter>
    </ClCompile>
    <ClCompile Include="Environment\Billboard_Ins.cpp">
      <Filter>Environment</Filter>
    </ClCompile>
  </ItemGroup>
</Project>